
Microsoft Visual Studio Solution File, Format Version 12.00
# Visual Studio Version 17
VisualStudioVersion = 17.11.35219.272
MinimumVisualStudioVersion = 10.0.40219.1
Project("{FAE04EC0-301F-11D3-BF4B-00C04F79EFBC}") = "ShiftItUpApp", "ShiftItUpApp\ShiftItUpApp.csproj", "{9576B3FC-34A8-4D89-886F-876EF622E414}"
EndProject
Global
	GlobalSection(SolutionConfigurationPlatforms) = preSolution
		Debug|Any CPU = Debug|Any CPU
		Release|Any CPU = Release|Any CPU
	EndGlobalSection
	GlobalSection(ProjectConfigurationPlatforms) = postSolution
		{9576B3FC-34A8-4D89-886F-876EF622E414}.Debug|Any CPU.ActiveCfg = Debug|Any CPU
		{9576B3FC-34A8-4D89-886F-876EF622E414}.Debug|Any CPU.Build.0 = Debug|Any CPU
		{9576B3FC-34A8-4D89-886F-876EF622E414}.Debug|Any CPU.Deploy.0 = Debug|Any CPU
		{9576B3FC-34A8-4D89-886F-876EF622E414}.Release|Any CPU.ActiveCfg = Release|Any CPU
		{9576B3FC-34A8-4D89-886F-876EF622E414}.Release|Any CPU.Build.0 = Release|Any CPU
		{9576B3FC-34A8-4D89-886F-876EF622E414}.Release|Any CPU.Deploy.0 = Release|Any CPU
	EndGlobalSection
	GlobalSection(SolutionProperties) = preSolution
		HideSolutionNode = FALSE
	EndGlobalSection
	GlobalSection(ExtensibilityGlobals) = postSolution
		SolutionGuid = {2E830E1B-CD4A-47BE-8FFB-675E32CD903D}
	EndGlobalSection
EndGlobal
